// !$*UTF8*$!
{
	archiveVersion = 1;
	classes = {
	};
	objectVersion = 50;
	objects = {

/* Begin PBXBuildFile section */
		864955DE23B226E800930144 /* CameraViewController.swift in Sources */ = {isa = PBXBuildFile; fileRef = 864955DD23B226E800930144 /* CameraViewController.swift */; };
		866D17B323A91DAA0054F846 /* AppDelegate.swift in Sources */ = {isa = PBXBuildFile; fileRef = 866D17B223A91DAA0054F846 /* AppDelegate.swift */; };
		866D17B523A91DAA0054F846 /* SceneDelegate.swift in Sources */ = {isa = PBXBuildFile; fileRef = 866D17B423A91DAA0054F846 /* SceneDelegate.swift */; };
		866D17B723A91DAA0054F846 /* StartPage.swift in Sources */ = {isa = PBXBuildFile; fileRef = 866D17B623A91DAA0054F846 /* StartPage.swift */; };
		866D17BA23A91DAA0054F846 /* Main.storyboard in Resources */ = {isa = PBXBuildFile; fileRef = 866D17B823A91DAA0054F846 /* Main.storyboard */; };
		866D17BD23A91DAA0054F846 /* spotter.xcdatamodeld in Sources */ = {isa = PBXBuildFile; fileRef = 866D17BB23A91DAA0054F846 /* spotter.xcdatamodeld */; };
		866D17BF23A91DAC0054F846 /* Assets.xcassets in Resources */ = {isa = PBXBuildFile; fileRef = 866D17BE23A91DAC0054F846 /* Assets.xcassets */; };
		866D17C223A91DAC0054F846 /* LaunchScreen.storyboard in Resources */ = {isa = PBXBuildFile; fileRef = 866D17C023A91DAC0054F846 /* LaunchScreen.storyboard */; };
		868102F223B37406000D286B /* Inceptionv3.mlmodel in Sources */ = {isa = PBXBuildFile; fileRef = 868102F123B37406000D286B /* Inceptionv3.mlmodel */; };
		86EDA57623ACFA9800361871 /* SecondPage.swift in Sources */ = {isa = PBXBuildFile; fileRef = 86EDA57523ACFA9800361871 /* SecondPage.swift */; };
		86EDA57C23AE599B00361871 /* ItemCell.swift in Sources */ = {isa = PBXBuildFile; fileRef = 86EDA57B23AE599B00361871 /* ItemCell.swift */; };
		86EDA58023AE654000361871 /* HeaderView.swift in Sources */ = {isa = PBXBuildFile; fileRef = 86EDA57F23AE654000361871 /* HeaderView.swift */; };
/* End PBXBuildFile section */

/* Begin PBXFileReference section */
		864955DD23B226E800930144 /* CameraViewController.swift */ = {isa = PBXFileReference; lastKnownFileType = sourcecode.swift; path = CameraViewController.swift; sourceTree = "<group>"; };
		866D17AF23A91DAA0054F846 /* spotter.app */ = {isa = PBXFileReference; explicitFileType = wrapper.application; includeInIndex = 0; path = spotter.app; sourceTree = BUILT_PRODUCTS_DIR; };
		866D17B223A91DAA0054F846 /* AppDelegate.swift */ = {isa = PBXFileReference; lastKnownFileType = sourcecode.swift; path = AppDelegate.swift; sourceTree = "<group>"; };
		866D17B423A91DAA0054F846 /* SceneDelegate.swift */ = {isa = PBXFileReference; lastKnownFileType = sourcecode.swift; path = SceneDelegate.swift; sourceTree = "<group>"; };
		866D17B623A91DAA0054F846 /* StartPage.swift */ = {isa = PBXFileReference; lastKnownFileType = sourcecode.swift; path = StartPage.swift; sourceTree = "<group>"; usesTabs = 0; };
		866D17B923A91DAA0054F846 /* Base */ = {isa = PBXFileReference; lastKnownFileType = file.storyboard; name = Base; path = Base.lproj/Main.storyboard; sourceTree = "<group>"; };
		866D17BC23A91DAA0054F846 /* spotter.xcdatamodel */ = {isa = PBXFileReference; lastKnownFileType = wrapper.xcdatamodel; path = spotter.xcdatamodel; sourceTree = "<group>"; };
		866D17BE23A91DAC0054F846 /* Assets.xcassets */ = {isa = PBXFileReference; lastKnownFileType = folder.assetcatalog; path = Assets.xcassets; sourceTree = "<group>"; };
		866D17C123A91DAC0054F846 /* Base */ = {isa = PBXFileReference; lastKnownFileType = file.storyboard; name = Base; path = Base.lproj/LaunchScreen.storyboard; sourceTree = "<group>"; };
		866D17C323A91DAC0054F846 /* Info.plist */ = {isa = PBXFileReference; lastKnownFileType = text.plist.xml; path = Info.plist; sourceTree = "<group>"; };
		868102F123B37406000D286B /* Inceptionv3.mlmodel */ = {isa = PBXFileReference; lastKnownFileType = file.mlmodel; path = Inceptionv3.mlmodel; sourceTree = "<group>"; };
		86EDA57523ACFA9800361871 /* SecondPage.swift */ = {isa = PBXFileReference; lastKnownFileType = sourcecode.swift; path = SecondPage.swift; sourceTree = "<group>"; };
		86EDA57B23AE599B00361871 /* ItemCell.swift */ = {isa = PBXFileReference; lastKnownFileType = sourcecode.swift; path = ItemCell.swift; sourceTree = "<group>"; };
		86EDA57F23AE654000361871 /* HeaderView.swift */ = {isa = PBXFileReference; lastKnownFileType = sourcecode.swift; path = HeaderView.swift; sourceTree = "<group>"; };
/* End PBXFileReference section */

/* Begin PBXFrameworksBuildPhase section */
		866D17AC23A91DAA0054F846 /* Frameworks */ = {
			isa = PBXFrameworksBuildPhase;
			buildActionMask = 2147483647;
			files = (
			);
			runOnlyForDeploymentPostprocessing = 0;
		};
/* End PBXFrameworksBuildPhase section */

/* Begin PBXGroup section */
		866D17A623A91DAA0054F846 = {
			isa = PBXGroup;
			children = (
				866D17B123A91DAA0054F846 /* spotter */,
				866D17B023A91DAA0054F846 /* Products */,
			);
			sourceTree = "<group>";
		};
		866D17B023A91DAA0054F846 /* Products */ = {
			isa = PBXGroup;
			children = (
				866D17AF23A91DAA0054F846 /* spotter.app */,
			);
			name = Products;
			sourceTree = "<group>";
		};
		866D17B123A91DAA0054F846 /* spotter */ = {
			isa = PBXGroup;
			children = (
				866D17B223A91DAA0054F846 /* AppDelegate.swift */,
				86EDA57B23AE599B00361871 /* ItemCell.swift */,
				866D17B423A91DAA0054F846 /* SceneDelegate.swift */,
				866D17B623A91DAA0054F846 /* StartPage.swift */,
				86EDA57523ACFA9800361871 /* SecondPage.swift */,
				864955DD23B226E800930144 /* CameraViewController.swift */,
				866D17B823A91DAA0054F846 /* Main.storyboard */,
				86EDA57F23AE654000361871 /* HeaderView.swift */,
				866D17BE23A91DAC0054F846 /* Assets.xcassets */,
				866D17C023A91DAC0054F846 /* LaunchScreen.storyboard */,
				866D17C323A91DAC0054F846 /* Info.plist */,
				868102F123B37406000D286B /* Inceptionv3.mlmodel */,
				866D17BB23A91DAA0054F846 /* spotter.xcdatamodeld */,
			);
			path = spotter;
			sourceTree = "<group>";
		};
/* End PBXGroup section */

/* Begin PBXNativeTarget section */
		866D17AE23A91DAA0054F846 /* spotter */ = {
			isa = PBXNativeTarget;
			buildConfigurationList = 866D17C623A91DAC0054F846 /* Build configuration list for PBXNativeTarget "spotter" */;
			buildPhases = (
				866D17AB23A91DAA0054F846 /* Sources */,
				866D17AC23A91DAA0054F846 /* Frameworks */,
				866D17AD23A91DAA0054F846 /* Resources */,
			);
			buildRules = (
			);
			dependencies = (
			);
			name = spotter;
			productName = spotter;
			productReference = 866D17AF23A91DAA0054F846 /* spotter.app */;
			productType = "com.apple.product-type.application";
		};
/* End PBXNativeTarget section */

/* Begin PBXProject section */
		866D17A723A91DAA0054F846 /* Project object */ = {
			isa = PBXProject;
			attributes = {
				LastSwiftUpdateCheck = 1130;
				LastUpgradeCheck = 1130;
				ORGANIZATIONNAME = "Артём Шишкин";
				TargetAttributes = {
					866D17AE23A91DAA0054F846 = {
						CreatedOnToolsVersion = 11.3;
					};
				};
			};
			buildConfigurationList = 866D17AA23A91DAA0054F846 /* Build configuration list for PBXProject "spotter" */;
			compatibilityVersion = "Xcode 9.3";
			developmentRegion = en;
			hasScannedForEncodings = 0;
			knownRegions = (
				en,
				Base,
			);
			mainGroup = 866D17A623A91DAA0054F846;
			productRefGroup = 866D17B023A91DAA0054F846 /* Products */;
			projectDirPath = "";
			projectRoot = "";
			targets = (
				866D17AE23A91DAA0054F846 /* spotter */,
			);
		};
/* End PBXProject section */

/* Begin PBXResourcesBuildPhase section */
		866D17AD23A91DAA0054F846 /* Resources */ = {
			isa = PBXResourcesBuildPhase;
			buildActionMask = 2147483647;
			files = (
				866D17C223A91DAC0054F846 /* LaunchScreen.storyboard in Resources */,
				866D17BF23A91DAC0054F846 /* Assets.xcassets in Resources */,
				866D17BA23A91DAA0054F846 /* Main.storyboard in Resources */,
			);
			runOnlyForDeploymentPostprocessing = 0;
		};
/* End PBXResourcesBuildPhase section */

/* Begin PBXSourcesBuildPhase section */
		866D17AB23A91DAA0054F846 /* Sources */ = {
			isa = PBXSourcesBuildPhase;
			buildActionMask = 2147483647;
			files = (
				866D17B723A91DAA0054F846 /* StartPage.swift in Sources */,
				868102F223B37406000D286B /* Inceptionv3.mlmodel in Sources */,
				86EDA57623ACFA9800361871 /* SecondPage.swift in Sources */,
				86EDA57C23AE599B00361871 /* ItemCell.swift in Sources */,
				866D17BD23A91DAA0054F846 /* spotter.xcdatamodeld in Sources */,
				866D17B323A91DAA0054F846 /* AppDelegate.swift in Sources */,
				864955DE23B226E800930144 /* CameraViewController.swift in Sources */,
				866D17B523A91DAA0054F846 /* SceneDelegate.swift in Sources */,
				86EDA58023AE654000361871 /* HeaderView.swift in Sources */,
			);
			runOnlyForDeploymentPostprocessing = 0;
		};
/* End PBXSourcesBuildPhase section */

/* Begin PBXVariantGroup section */
		866D17B823A91DAA0054F846 /* Main.storyboard */ = {
			isa = PBXVariantGroup;
			children = (
				866D17B923A91DAA0054F846 /* Base */,
			);
			name = Main.storyboard;
			sourceTree = "<group>";
		};
		866D17C023A91DAC0054F846 /* LaunchScreen.storyboard */ = {
			isa = PBXVariantGroup;
			children = (
				866D17C123A91DAC0054F846 /* Base */,
			);
			name = LaunchScreen.storyboard;
			sourceTree = "<group>";
		};
/* End PBXVariantGroup section */

/* Begin XCBuildConfiguration section */
		866D17C423A91DAC0054F846 /* Debug */ = {
			isa = XCBuildConfiguration;
			buildSettings = {
				ALWAYS_SEARCH_USER_PATHS = NO;
				CLANG_ANALYZER_NONNULL = YES;
				CLANG_ANALYZER_NUMBER_OBJECT_CONVERSION = YES_AGGRESSIVE;
				CLANG_CXX_LANGUAGE_STANDARD = "gnu++14";
				CLANG_CXX_LIBRARY = "libc++";
				CLANG_ENABLE_MODULES = YES;
				CLANG_ENABLE_OBJC_ARC = YES;
				CLANG_ENABLE_OBJC_WEAK = YES;
				CLANG_WARN_BLOCK_CAPTURE_AUTORELEASING = YES;
				CLANG_WARN_BOOL_CONVERSION = YES;
				CLANG_WARN_COMMA = YES;
				CLANG_WARN_CONSTANT_CONVERSION = YES;
				CLANG_WARN_DEPRECATED_OBJC_IMPLEMENTATIONS = YES;
				CLANG_WARN_DIRECT_OBJC_ISA_USAGE = YES_ERROR;
				CLANG_WARN_DOCUMENTATION_COMMENTS = YES;
				CLANG_WARN_EMPTY_BODY = YES;
				CLANG_WARN_ENUM_CONVERSION = YES;
				CLANG_WARN_INFINITE_RECURSION = YES;
				CLANG_WARN_INT_CONVERSION = YES;
				CLANG_WARN_NON_LITERAL_NULL_CONVERSION = YES;
				CLANG_WARN_OBJC_IMPLICIT_RETAIN_SELF = YES;
				CLANG_WARN_OBJC_LITERAL_CONVERSION = YES;
				CLANG_WARN_OBJC_ROOT_CLASS = YES_ERROR;
				CLANG_WARN_RANGE_LOOP_ANALYSIS = YES;
				CLANG_WARN_STRICT_PROTOTYPES = YES;
				CLANG_WARN_SUSPICIOUS_MOVE = YES;
				CLANG_WARN_UNGUARDED_AVAILABILITY = YES_AGGRESSIVE;
				CLANG_WARN_UNREACHABLE_CODE = YES;
				CLANG_WARN__DUPLICATE_METHOD_MATCH = YES;
				COPY_PHASE_STRIP = NO;
				DEBUG_INFORMATION_FORMAT = dwarf;
				ENABLE_STRICT_OBJC_MSGSEND = YES;
				ENABLE_TESTABILITY = YES;
				GCC_C_LANGUAGE_STANDARD = gnu11;
				GCC_DYNAMIC_NO_PIC = NO;
				GCC_NO_COMMON_BLOCKS = YES;
				GCC_OPTIMIZATION_LEVEL = 0;
				GCC_PREPROCESSOR_DEFINITIONS = (
					"DEBUG=1",
					"$(inherited)",
				);
				GCC_WARN_64_TO_32_BIT_CONVERSION = YES;
				GCC_WARN_ABOUT_RETURN_TYPE = YES_ERROR;
				GCC_WARN_UNDECLARED_SELECTOR = YES;
				GCC_WARN_UNINITIALIZED_AUTOS = YES_AGGRESSIVE;
				GCC_WARN_UNUSED_FUNCTION = YES;
				GCC_WARN_UNUSED_VARIABLE = YES;
				IPHONEOS_DEPLOYMENT_TARGET = 13.2;
				MTL_ENABLE_DEBUG_INFO = INCLUDE_SOURCE;
				MTL_FAST_MATH = YES;
				ONLY_ACTIVE_ARCH = YES;
				SDKROOT = iphoneos;
				SWIFT_ACTIVE_COMPILATION_CONDITIONS = DEBUG;
				SWIFT_OPTIMIZATION_LEVEL = "-Onone";
			};
			name = Debug;
		};
		866D17C523A91DAC0054F846 /* Release */ = {
			isa = XCBuildConfiguration;
			buildSettings = {
				ALWAYS_SEARCH_USER_PATHS = NO;
				CLANG_ANALYZER_NONNULL = YES;
				CLANG_ANALYZER_NUMBER_OBJECT_CONVERSION = YES_AGGRESSIVE;
				CLANG_CXX_LANGUAGE_STANDARD = "gnu++14";
				CLANG_CXX_LIBRARY = "libc++";
				CLANG_ENABLE_MODULES = YES;
				CLANG_ENABLE_OBJC_ARC = YES;
				CLANG_ENABLE_OBJC_WEAK = YES;
				CLANG_WARN_BLOCK_CAPTURE_AUTORELEASING = YES;
				CLANG_WARN_BOOL_CONVERSION = YES;
				CLANG_WARN_COMMA = YES;
				CLANG_WARN_CONSTANT_CONVERSION = YES;
				CLANG_WARN_DEPRECATED_OBJC_IMPLEMENTATIONS = YES;
				CLANG_WARN_DIRECT_OBJC_ISA_USAGE = YES_ERROR;
				CLANG_WARN_DOCUMENTATION_COMMENTS = YES;
				CLANG_WARN_EMPTY_BODY = YES;
				CLANG_WARN_ENUM_CONVERSION = YES;
				CLANG_WARN_INFINITE_RECURSION = YES;
				CLANG_WARN_INT_CONVERSION = YES;
				CLANG_WARN_NON_LITERAL_NULL_CONVERSION = YES;
				CLANG_WARN_OBJC_IMPLICIT_RETAIN_SELF = YES;
				CLANG_WARN_OBJC_LITERAL_CONVERSION = YES;
				CLANG_WARN_OBJC_ROOT_CLASS = YES_ERROR;
				CLANG_WARN_RANGE_LOOP_ANALYSIS = YES;
				CLANG_WARN_STRICT_PROTOTYPES = YES;
				CLANG_WARN_SUSPICIOUS_MOVE = YES;
				CLANG_WARN_UNGUARDED_AVAILABILITY = YES_AGGRESSIVE;
				CLANG_WARN_UNREACHABLE_CODE = YES;
				CLANG_WARN__DUPLICATE_METHOD_MATCH = YES;
				COPY_PHASE_STRIP = NO;
				DEBUG_INFORMATION_FORMAT = "dwarf-with-dsym";
				ENABLE_NS_ASSERTIONS = NO;
				ENABLE_STRICT_OBJC_MSGSEND = YES;
				GCC_C_LANGUAGE_STANDARD = gnu11;
				GCC_NO_COMMON_BLOCKS = YES;
				GCC_WARN_64_TO_32_BIT_CONVERSION = YES;
				GCC_WARN_ABOUT_RETURN_TYPE = YES_ERROR;
				GCC_WARN_UNDECLARED_SELECTOR = YES;
				GCC_WARN_UNINITIALIZED_AUTOS = YES_AGGRESSIVE;
				GCC_WARN_UNUSED_FUNCTION = YES;
				GCC_WARN_UNUSED_VARIABLE = YES;
				IPHONEOS_DEPLOYMENT_TARGET = 13.2;
				MTL_ENABLE_DEBUG_INFO = NO;
				MTL_FAST_MATH = YES;
				SDKROOT = iphoneos;
				SWIFT_COMPILATION_MODE = wholemodule;
				SWIFT_OPTIMIZATION_LEVEL = "-O";
				VALIDATE_PRODUCT = YES;
			};
			name = Release;
		};
		866D17C723A91DAC0054F846 /* Debug */ = {
			isa = XCBuildConfiguration;
			buildSettings = {
				ASSETCATALOG_COMPILER_APPICON_NAME = AppIcon;
				CODE_SIGN_STYLE = Automatic;
				DEVELOPMENT_TEAM = X63B5429QJ;
				INFOPLIST_FILE = spotter/Info.plist;
				LD_RUNPATH_SEARCH_PATHS = (
					"$(inherited)",
					"@executable_path/Frameworks",
				);
				PRODUCT_BUNDLE_IDENTIFIER = com.shishkinartem.spotter;
				PRODUCT_NAME = "$(TARGET_NAME)";
				SWIFT_VERSION = 5.0;
				TARGETED_DEVICE_FAMILY = "1,2";
			};
			name = Debug;
		};
		866D17C823A91DAC0054F846 /* Release */ = {
			isa = XCBuildConfiguration;
			buildSettings = {
				ASSETCATALOG_COMPILER_APPICON_NAME = AppIcon;
				CODE_SIGN_STYLE = Automatic;
				DEVELOPMENT_TEAM = X63B5429QJ;
				INFOPLIST_FILE = spotter/Info.plist;
				LD_RUNPATH_SEARCH_PATHS = (
					"$(inherited)",
					"@executable_path/Frameworks",
				);
				PRODUCT_BUNDLE_IDENTIFIER = com.shishkinartem.spotter;
				PRODUCT_NAME = "$(TARGET_NAME)";
				SWIFT_VERSION = 5.0;
				TARGETED_DEVICE_FAMILY = "1,2";
			};
			name = Release;
		};
/* End XCBuildConfiguration section */

/* Begin XCConfigurationList section */
		866D17AA23A91DAA0054F846 /* Build configuration list for PBXProject "spotter" */ = {
			isa = XCConfigurationList;
			buildConfigurations = (
				866D17C423A91DAC0054F846 /* Debug */,
				866D17C523A91DAC0054F846 /* Release */,
			);
			defaultConfigurationIsVisible = 0;
			defaultConfigurationName = Release;
		};
		866D17C623A91DAC0054F846 /* Build configuration list for PBXNativeTarget "spotter" */ = {
			isa = XCConfigurationList;
			buildConfigurations = (
				866D17C723A91DAC0054F846 /* Debug */,
				866D17C823A91DAC0054F846 /* Release */,
			);
			defaultConfigurationIsVisible = 0;
			defaultConfigurationName = Release;
		};
/* End XCConfigurationList section */

/* Begin XCVersionGroup section */
		866D17BB23A91DAA0054F846 /* spotter.xcdatamodeld */ = {
			isa = XCVersionGroup;
			children = (
				866D17BC23A91DAA0054F846 /* spotter.xcdatamodel */,
			);
			currentVersion = 866D17BC23A91DAA0054F846 /* spotter.xcdatamodel */;
			path = spotter.xcdatamodeld;
			sourceTree = "<group>";
			versionGroupType = wrapper.xcdatamodel;
		};
/* End XCVersionGroup section */
	};
	rootObject = 866D17A723A91DAA0054F846 /* Project object */;
}
